
Microsoft Visual Studio Solution File, Format Version 12.00
# Visual Studio Version 17
VisualStudioVersion = 17.0.32002.185
MinimumVisualStudioVersion = 10.0.40219.1
Project("{9A19103F-16F7-4668-BE54-9A1E7A4F7556}") = "Common", "src\Domain\Common\Common.csproj", "{D2F28203-F2BE-4941-832C-DA1F6D4C19E3}"
EndProject
Project("{FAE04EC0-301F-11D3-BF4B-00C04F79EFBC}") = "Finances", "src\Domain\Modules\Finances\Finances.csproj", "{B384A981-D42D-4508-8EDD-8EB114308644}"
EndProject
Global
	GlobalSection(SolutionConfigurationPlatforms) = preSolution
		Debug|Any CPU = Debug|Any CPU
		Release|Any CPU = Release|Any CPU
	EndGlobalSection
	GlobalSection(ProjectConfigurationPlatforms) = postSolution
		{D2F28203-F2BE-4941-832C-DA1F6D4C19E3}.Debug|Any CPU.ActiveCfg = Debug|Any CPU
		{D2F28203-F2BE-4941-832C-DA1F6D4C19E3}.Debug|Any CPU.Build.0 = Debug|Any CPU
		{D2F28203-F2BE-4941-832C-DA1F6D4C19E3}.Release|Any CPU.ActiveCfg = Release|Any CPU
		{D2F28203-F2BE-4941-832C-DA1F6D4C19E3}.Release|Any CPU.Build.0 = Release|Any CPU
		{B384A981-D42D-4508-8EDD-8EB114308644}.Debug|Any CPU.ActiveCfg = Debug|Any CPU
		{B384A981-D42D-4508-8EDD-8EB114308644}.Debug|Any CPU.Build.0 = Debug|Any CPU
		{B384A981-D42D-4508-8EDD-8EB114308644}.Release|Any CPU.ActiveCfg = Release|Any CPU
		{B384A981-D42D-4508-8EDD-8EB114308644}.Release|Any CPU.Build.0 = Release|Any CPU
	EndGlobalSection
	GlobalSection(SolutionProperties) = preSolution
		HideSolutionNode = FALSE
	EndGlobalSection
	GlobalSection(ExtensibilityGlobals) = postSolution
		SolutionGuid = {DD56285D-12B2-487D-AD3D-4C8CB151D3D7}
	EndGlobalSection
EndGlobal
