
Microsoft Visual Studio Solution File, Format Version 12.00
# Visual Studio Version 17
VisualStudioVersion = 17.0.32002.185
MinimumVisualStudioVersion = 10.0.40219.1
Project("{9A19103F-16F7-4668-BE54-9A1E7A4F7556}") = "Domain.Common", "src\Domain\Common\Domain.Common.csproj", "{D2F28203-F2BE-4941-832C-DA1F6D4C19E3}"
EndProject
Project("{9A19103F-16F7-4668-BE54-9A1E7A4F7556}") = "Domain.Accounting", "src\Domain\Modules\Accounting\Domain.Accounting.csproj", "{C3AF29CA-9FC7-4EE0-8716-1CBC1E0F8A32}"
EndProject
Project("{9A19103F-16F7-4668-BE54-9A1E7A4F7556}") = "Infrastructure.EntityFrameworkSqlLite.Accounting", "src\Infrastructure\EntityFrameworkSqlLite\Modules\Accounting\Infrastructure.EntityFrameworkSqlLite.Accounting.csproj", "{3B0C1DFF-E374-48E1-8D65-F15153ED65E9}"
EndProject
Project("{9A19103F-16F7-4668-BE54-9A1E7A4F7556}") = "Client.Console", "src\Client\Console\Client.Console.csproj", "{8C68BBAA-481F-451A-AC5E-C74CE7192831}"
EndProject
Global
	GlobalSection(SolutionConfigurationPlatforms) = preSolution
		Debug|Any CPU = Debug|Any CPU
		Release|Any CPU = Release|Any CPU
	EndGlobalSection
	GlobalSection(ProjectConfigurationPlatforms) = postSolution
		{D2F28203-F2BE-4941-832C-DA1F6D4C19E3}.Debug|Any CPU.ActiveCfg = Debug|Any CPU
		{D2F28203-F2BE-4941-832C-DA1F6D4C19E3}.Debug|Any CPU.Build.0 = Debug|Any CPU
		{D2F28203-F2BE-4941-832C-DA1F6D4C19E3}.Release|Any CPU.ActiveCfg = Release|Any CPU
		{D2F28203-F2BE-4941-832C-DA1F6D4C19E3}.Release|Any CPU.Build.0 = Release|Any CPU
		{C3AF29CA-9FC7-4EE0-8716-1CBC1E0F8A32}.Debug|Any CPU.ActiveCfg = Debug|Any CPU
		{C3AF29CA-9FC7-4EE0-8716-1CBC1E0F8A32}.Debug|Any CPU.Build.0 = Debug|Any CPU
		{C3AF29CA-9FC7-4EE0-8716-1CBC1E0F8A32}.Release|Any CPU.ActiveCfg = Release|Any CPU
		{C3AF29CA-9FC7-4EE0-8716-1CBC1E0F8A32}.Release|Any CPU.Build.0 = Release|Any CPU
		{3B0C1DFF-E374-48E1-8D65-F15153ED65E9}.Debug|Any CPU.ActiveCfg = Debug|Any CPU
		{3B0C1DFF-E374-48E1-8D65-F15153ED65E9}.Debug|Any CPU.Build.0 = Debug|Any CPU
		{3B0C1DFF-E374-48E1-8D65-F15153ED65E9}.Release|Any CPU.ActiveCfg = Release|Any CPU
		{3B0C1DFF-E374-48E1-8D65-F15153ED65E9}.Release|Any CPU.Build.0 = Release|Any CPU
		{8C68BBAA-481F-451A-AC5E-C74CE7192831}.Debug|Any CPU.ActiveCfg = Debug|Any CPU
		{8C68BBAA-481F-451A-AC5E-C74CE7192831}.Debug|Any CPU.Build.0 = Debug|Any CPU
		{8C68BBAA-481F-451A-AC5E-C74CE7192831}.Release|Any CPU.ActiveCfg = Release|Any CPU
		{8C68BBAA-481F-451A-AC5E-C74CE7192831}.Release|Any CPU.Build.0 = Release|Any CPU
	EndGlobalSection
	GlobalSection(SolutionProperties) = preSolution
		HideSolutionNode = FALSE
	EndGlobalSection
	GlobalSection(ExtensibilityGlobals) = postSolution
		SolutionGuid = {DD56285D-12B2-487D-AD3D-4C8CB151D3D7}
	EndGlobalSection
EndGlobal
