
Microsoft Visual Studio Solution File, Format Version 12.00
# Visual Studio Version 17
VisualStudioVersion = 17.0.32002.185
MinimumVisualStudioVersion = 10.0.40219.1
Project("{9A19103F-16F7-4668-BE54-9A1E7A4F7556}") = "Domain.Common", "src\Domain\Common\Domain.Common.csproj", "{D2F28203-F2BE-4941-832C-DA1F6D4C19E3}"
EndProject
Project("{9A19103F-16F7-4668-BE54-9A1E7A4F7556}") = "Client.CommandLine", "src\Client\CommandLine\Client.CommandLine.csproj", "{A566B935-5E4E-4A95-B95A-BCE042FFD73A}"
EndProject
Project("{9A19103F-16F7-4668-BE54-9A1E7A4F7556}") = "Domain.DoubleEntryAccounting.Bookeeping.ChartOfAccounts", "src\Domain\DoubleEntryAccounting\Bookeeping\ChartOfAccounts\Domain.DoubleEntryAccounting.Bookeeping.ChartOfAccounts.csproj", "{C369C1CC-FAA8-47B4-A74B-1F1E80F6852C}"
EndProject
Project("{9A19103F-16F7-4668-BE54-9A1E7A4F7556}") = "Domain.DoubleEntryAccounting.Bookeeping.GeneralLedger", "src\Domain\DoubleEntryAccounting\Bookeeping\GeneralLedger\Domain.DoubleEntryAccounting.Bookeeping.GeneralLedger.csproj", "{1F1F3AFD-C42E-4303-BDAB-5B06A18B8E8E}"
EndProject
Project("{9A19103F-16F7-4668-BE54-9A1E7A4F7556}") = "Domain.DoubleEntryAccounting.Bookeeping.Journal", "src\Domain\DoubleEntryAccounting\Bookeeping\Journal\Domain.DoubleEntryAccounting.Bookeeping.Journal.csproj", "{FE77E5B6-FF1B-4B13-B0BC-2D3D178A8CC7}"
EndProject
Global
	GlobalSection(SolutionConfigurationPlatforms) = preSolution
		Debug|Any CPU = Debug|Any CPU
		Release|Any CPU = Release|Any CPU
	EndGlobalSection
	GlobalSection(ProjectConfigurationPlatforms) = postSolution
		{D2F28203-F2BE-4941-832C-DA1F6D4C19E3}.Debug|Any CPU.ActiveCfg = Debug|Any CPU
		{D2F28203-F2BE-4941-832C-DA1F6D4C19E3}.Debug|Any CPU.Build.0 = Debug|Any CPU
		{D2F28203-F2BE-4941-832C-DA1F6D4C19E3}.Release|Any CPU.ActiveCfg = Release|Any CPU
		{D2F28203-F2BE-4941-832C-DA1F6D4C19E3}.Release|Any CPU.Build.0 = Release|Any CPU
		{A566B935-5E4E-4A95-B95A-BCE042FFD73A}.Debug|Any CPU.ActiveCfg = Debug|Any CPU
		{A566B935-5E4E-4A95-B95A-BCE042FFD73A}.Debug|Any CPU.Build.0 = Debug|Any CPU
		{A566B935-5E4E-4A95-B95A-BCE042FFD73A}.Release|Any CPU.ActiveCfg = Release|Any CPU
		{A566B935-5E4E-4A95-B95A-BCE042FFD73A}.Release|Any CPU.Build.0 = Release|Any CPU
		{C369C1CC-FAA8-47B4-A74B-1F1E80F6852C}.Debug|Any CPU.ActiveCfg = Debug|Any CPU
		{C369C1CC-FAA8-47B4-A74B-1F1E80F6852C}.Debug|Any CPU.Build.0 = Debug|Any CPU
		{C369C1CC-FAA8-47B4-A74B-1F1E80F6852C}.Release|Any CPU.ActiveCfg = Release|Any CPU
		{C369C1CC-FAA8-47B4-A74B-1F1E80F6852C}.Release|Any CPU.Build.0 = Release|Any CPU
		{1F1F3AFD-C42E-4303-BDAB-5B06A18B8E8E}.Debug|Any CPU.ActiveCfg = Debug|Any CPU
		{1F1F3AFD-C42E-4303-BDAB-5B06A18B8E8E}.Debug|Any CPU.Build.0 = Debug|Any CPU
		{1F1F3AFD-C42E-4303-BDAB-5B06A18B8E8E}.Release|Any CPU.ActiveCfg = Release|Any CPU
		{1F1F3AFD-C42E-4303-BDAB-5B06A18B8E8E}.Release|Any CPU.Build.0 = Release|Any CPU
		{FE77E5B6-FF1B-4B13-B0BC-2D3D178A8CC7}.Debug|Any CPU.ActiveCfg = Debug|Any CPU
		{FE77E5B6-FF1B-4B13-B0BC-2D3D178A8CC7}.Debug|Any CPU.Build.0 = Debug|Any CPU
		{FE77E5B6-FF1B-4B13-B0BC-2D3D178A8CC7}.Release|Any CPU.ActiveCfg = Release|Any CPU
		{FE77E5B6-FF1B-4B13-B0BC-2D3D178A8CC7}.Release|Any CPU.Build.0 = Release|Any CPU
	EndGlobalSection
	GlobalSection(SolutionProperties) = preSolution
		HideSolutionNode = FALSE
	EndGlobalSection
	GlobalSection(ExtensibilityGlobals) = postSolution
		SolutionGuid = {DD56285D-12B2-487D-AD3D-4C8CB151D3D7}
	EndGlobalSection
EndGlobal
